
Microsoft Visual Studio Solution File, Format Version 12.00
# Visual Studio Version 17
VisualStudioVersion = 17.5.33424.131
MinimumVisualStudioVersion = 10.0.40219.1
Project("{FAE04EC0-301F-11D3-BF4B-00C04F79EFBC}") = "Konlis.HammingCode", "Konlis.HammingCode\Konlis.HammingCode.csproj", "{35191326-5AFA-486C-8BEA-A379603DABEF}"
EndProject
Project("{FAE04EC0-301F-11D3-BF4B-00C04F79EFBC}") = "Konlis.HammingCodeTests", "Konlis.HammingCodeTests\Konlis.HammingCodeTests.csproj", "{25764F72-74A2-4576-9C1B-CA0F0D0BB4C1}"
EndProject
Project("{2150E333-8FDC-42A3-9474-1A3956D46DE8}") = "Solution Items", "Solution Items", "{21857567-E053-4E5E-96D5-95DCF80BE771}"
	ProjectSection(SolutionItems) = preProject
		README.md = README.md
	EndProjectSection
EndProject
Global
	GlobalSection(SolutionConfigurationPlatforms) = preSolution
		Debug|Any CPU = Debug|Any CPU
		Release|Any CPU = Release|Any CPU
	EndGlobalSection
	GlobalSection(ProjectConfigurationPlatforms) = postSolution
		{35191326-5AFA-486C-8BEA-A379603DABEF}.Debug|Any CPU.ActiveCfg = Debug|Any CPU
		{35191326-5AFA-486C-8BEA-A379603DABEF}.Debug|Any CPU.Build.0 = Debug|Any CPU
		{35191326-5AFA-486C-8BEA-A379603DABEF}.Release|Any CPU.ActiveCfg = Release|Any CPU
		{35191326-5AFA-486C-8BEA-A379603DABEF}.Release|Any CPU.Build.0 = Release|Any CPU
		{25764F72-74A2-4576-9C1B-CA0F0D0BB4C1}.Debug|Any CPU.ActiveCfg = Debug|Any CPU
		{25764F72-74A2-4576-9C1B-CA0F0D0BB4C1}.Debug|Any CPU.Build.0 = Debug|Any CPU
		{25764F72-74A2-4576-9C1B-CA0F0D0BB4C1}.Release|Any CPU.ActiveCfg = Release|Any CPU
		{25764F72-74A2-4576-9C1B-CA0F0D0BB4C1}.Release|Any CPU.Build.0 = Release|Any CPU
	EndGlobalSection
	GlobalSection(SolutionProperties) = preSolution
		HideSolutionNode = FALSE
	EndGlobalSection
	GlobalSection(ExtensibilityGlobals) = postSolution
		SolutionGuid = {67100A69-C9DB-4E31-BD64-DA5ABC694FD7}
	EndGlobalSection
EndGlobal
